
Microsoft Visual Studio Solution File, Format Version 12.00
# Visual Studio Version 16
VisualStudioVersion = 16.0.30517.126
MinimumVisualStudioVersion = 10.0.40219.1
Project("{FAE04EC0-301F-11D3-BF4B-00C04F79EFBC}") = "OOPListsAndObjects", "OOPListsAndObjects\OOPListsAndObjects.csproj", "{AD4920E5-7CC4-44E2-B1D1-1EEAEF82B5B0}"
EndProject
Global
	GlobalSection(SolutionConfigurationPlatforms) = preSolution
		Debug|Any CPU = Debug|Any CPU
		Release|Any CPU = Release|Any CPU
	EndGlobalSection
	GlobalSection(ProjectConfigurationPlatforms) = postSolution
		{AD4920E5-7CC4-44E2-B1D1-1EEAEF82B5B0}.Debug|Any CPU.ActiveCfg = Debug|Any CPU
		{AD4920E5-7CC4-44E2-B1D1-1EEAEF82B5B0}.Debug|Any CPU.Build.0 = Debug|Any CPU
		{AD4920E5-7CC4-44E2-B1D1-1EEAEF82B5B0}.Release|Any CPU.ActiveCfg = Release|Any CPU
		{AD4920E5-7CC4-44E2-B1D1-1EEAEF82B5B0}.Release|Any CPU.Build.0 = Release|Any CPU
	EndGlobalSection
	GlobalSection(SolutionProperties) = preSolution
		HideSolutionNode = FALSE
	EndGlobalSection
	GlobalSection(ExtensibilityGlobals) = postSolution
		SolutionGuid = {206688E1-FE73-4650-9964-9118602754EB}
	EndGlobalSection
EndGlobal
